
Microsoft Visual Studio Solution File, Format Version 12.00
# Visual Studio Version 17
VisualStudioVersion = 17.5.33530.505
MinimumVisualStudioVersion = 10.0.40219.1
Project("{9A19103F-16F7-4668-BE54-9A1E7A4F7556}") = "NzWalkWebApi", "NzWalkWebApi\NzWalkWebApi.csproj", "{413B2370-3726-4E45-82DC-00B4E7152EA3}"
EndProject
Project("{FAE04EC0-301F-11D3-BF4B-00C04F79EFBC}") = "NZWalksUI", "NZWalksUI\NZWalksUI.csproj", "{2982771D-22BE-42C7-B097-7892C26F0DE4}"
EndProject
Global
	GlobalSection(SolutionConfigurationPlatforms) = preSolution
		Debug|Any CPU = Debug|Any CPU
		Release|Any CPU = Release|Any CPU
	EndGlobalSection
	GlobalSection(ProjectConfigurationPlatforms) = postSolution
		{413B2370-3726-4E45-82DC-00B4E7152EA3}.Debug|Any CPU.ActiveCfg = Debug|Any CPU
		{413B2370-3726-4E45-82DC-00B4E7152EA3}.Debug|Any CPU.Build.0 = Debug|Any CPU
		{413B2370-3726-4E45-82DC-00B4E7152EA3}.Release|Any CPU.ActiveCfg = Release|Any CPU
		{413B2370-3726-4E45-82DC-00B4E7152EA3}.Release|Any CPU.Build.0 = Release|Any CPU
		{2982771D-22BE-42C7-B097-7892C26F0DE4}.Debug|Any CPU.ActiveCfg = Debug|Any CPU
		{2982771D-22BE-42C7-B097-7892C26F0DE4}.Debug|Any CPU.Build.0 = Debug|Any CPU
		{2982771D-22BE-42C7-B097-7892C26F0DE4}.Release|Any CPU.ActiveCfg = Release|Any CPU
		{2982771D-22BE-42C7-B097-7892C26F0DE4}.Release|Any CPU.Build.0 = Release|Any CPU
	EndGlobalSection
	GlobalSection(SolutionProperties) = preSolution
		HideSolutionNode = FALSE
	EndGlobalSection
	GlobalSection(ExtensibilityGlobals) = postSolution
		SolutionGuid = {BF54AB52-E91D-4415-B7CF-EF9293854E3B}
	EndGlobalSection
EndGlobal
